
Microsoft Visual Studio Solution File, Format Version 12.00
# Visual Studio Version 16
VisualStudioVersion = 16.0.30621.155
MinimumVisualStudioVersion = 10.0.40219.1
Project("{FAE04EC0-301F-11D3-BF4B-00C04F79EFBC}") = "WebApiOdata", "WebApiOdata\WebApiOdata.csproj", "{6C1D3016-BAC4-42F0-9ADB-8982C4604843}"
EndProject
Global
	GlobalSection(SolutionConfigurationPlatforms) = preSolution
		Debug|Any CPU = Debug|Any CPU
		Release|Any CPU = Release|Any CPU
	EndGlobalSection
	GlobalSection(ProjectConfigurationPlatforms) = postSolution
		{6C1D3016-BAC4-42F0-9ADB-8982C4604843}.Debug|Any CPU.ActiveCfg = Debug|Any CPU
		{6C1D3016-BAC4-42F0-9ADB-8982C4604843}.Debug|Any CPU.Build.0 = Debug|Any CPU
		{6C1D3016-BAC4-42F0-9ADB-8982C4604843}.Release|Any CPU.ActiveCfg = Release|Any CPU
		{6C1D3016-BAC4-42F0-9ADB-8982C4604843}.Release|Any CPU.Build.0 = Release|Any CPU
	EndGlobalSection
	GlobalSection(SolutionProperties) = preSolution
		HideSolutionNode = FALSE
	EndGlobalSection
	GlobalSection(ExtensibilityGlobals) = postSolution
		SolutionGuid = {F41C3B3C-703D-45C4-8390-5D3BEC2A5987}
	EndGlobalSection
EndGlobal
